# This file is automatically @generated by Cargo.
# It is not intended for manual editing.
version = 3

[[package]]
name = "avr-std-stub"
version = "1.0.3"

[[package]]
name = "avr_test"
version = "0.1.0"
dependencies = [
 "avr-std-stub",
 "definitions",
]

[[package]]
name = "definitions"
version = "0.1.0"
dependencies = [
 "avr-std-stub",
]
